lockfileVersion: '9.0'

settings:
  autoInstallPeers: true
  excludeLinksFromLockfile: false

importers:

  .:
    dependencies:
      '@iconify-json/carbon':
        specifier: 1.2.23
        version: 1.2.23
      '@iconify-json/fa':
        specifier: 1.2.2
        version: 1.2.2
      '@iconify-json/ion':
        specifier: 1.2.7
        version: 1.2.7
      '@mastrojs/mastro':
        specifier: jsr:0.8.6
        version: '@jsr/mastrojs__mastro@0.8.6'
      '@remix-run/node-fetch-server':
        specifier: 0.13.3
        version: 0.13.3
    devDependencies:
      '@tsconfig/node24':
        specifier: 24.0.4
        version: 24.0.4
      '@types/node':
        specifier: 24.13.1
        version: 24.13.1
      typescript:
        specifier: 6.0.3
        version: 6.0.3

packages:

  '@iconify-json/carbon@1.2.23':
    resolution: {integrity: sha512-7apXetbRmEiWDXIQyikFJZyq7pCVBKHYRzmeLdtT7wWoHYdWHwnFcBAzpuLoSh+ZEAfXZapSWEe8iuS6dUqf+Q==}

  '@iconify-json/fa@1.2.2':
    resolution: {integrity: sha512-Rw0L97uO3W0Gy2rq4cM/TH3QjzuPuRca1F2steumZ57zOeheGQdiqo50O6KHjm+WgImmV92IFPUTU6eiaJsrTw==}

  '@iconify-json/ion@1.2.7':
    resolution: {integrity: sha512-ZJNG5kLCbTPr68mdP0jx6Q3lB9AMEQKO2+VvIjuJ2llGFICBLD+cvESn/qGDRIqSfk2D3PrFMf/Qg8WKIUV7cg==}

  '@iconify/types@2.0.0':
    resolution: {integrity: sha512-+wluvCrRhXrhyOmRDJ3q8mux9JkKy5SJ/v8ol2tu4FVjyYvtEzkc/3pK15ET6RKg4b4w4BmTk1+gsCUhf21Ykg==}

  '@jsr/mastrojs__mastro@0.8.6':
    resolution: {integrity: sha512-D6apMtkg9Z6kvd8nrefLDJP7zhxzvaHGOGsxUTX0/O21Qtk05I9hn3Pj1vF6MOOqd7DjKONfGVPQLcEvcGHvmA==, tarball: https://npm.jsr.io/~/11/@jsr/mastrojs__mastro/0.8.6.tgz}

  '@jsr/std__media-types@1.1.0':
    resolution: {integrity: sha512-dHvaxHL7ENWnltgL653uo3KnKFse3ZbopZop2gqsT7yrscx7irZEClu5Cba7gMPPRk4Lg1FbriNcaBViM2RSBw==, tarball: https://npm.jsr.io/~/11/@jsr/std__media-types/1.1.0.tgz}

  '@remix-run/node-fetch-server@0.13.3':
    resolution: {integrity: sha512-UfjOXed/DQteaM5VyTfqTeGpHwyL2J5aoRGY6cydip4tt1ehNNeSwuXCC7AEGE0RWBs/7bgKxYkL/B/+UDe4AA==}

  '@tsconfig/node24@24.0.4':
    resolution: {integrity: sha512-2A933l5P5oCbv6qSxHs7ckKwobs8BDAe9SJ/Xr2Hy+nDlwmLE1GhFh/g/vXGRZWgxBg9nX/5piDtHR9Dkw/XuA==}

  '@types/node@24.13.1':
    resolution: {integrity: sha512-RSpUJGmvsJ1ZeBehQZFhIdpsz+bIpES0nIQXko4Ybq+N+kX6XvOq3Jo+iJ82FWLdblFq85AsMikd3m35jgezYg==}

  typescript@6.0.3:
    resolution: {integrity: sha512-y2TvuxSZPDyQakkFRPZHKFm+KKVqIisdg9/CZwm9ftvKXLP8NRWj38/ODjNbr43SsoXqNuAisEf1GdCxqWcdBw==}
    engines: {node: '>=14.17'}
    hasBin: true

  undici-types@7.18.2:
    resolution: {integrity: sha512-AsuCzffGHJybSaRrmr5eHr81mwJU3kjw6M+uprWvCXiNeN9SOGwQ3Jn8jb8m3Z6izVgknn1R0FTCEAP2QrLY/w==}

snapshots:

  '@iconify-json/carbon@1.2.23':
    dependencies:
      '@iconify/types': 2.0.0

  '@iconify-json/fa@1.2.2':
    dependencies:
      '@iconify/types': 2.0.0

  '@iconify-json/ion@1.2.7':
    dependencies:
      '@iconify/types': 2.0.0

  '@iconify/types@2.0.0': {}

  '@jsr/mastrojs__mastro@0.8.6':
    dependencies:
      '@jsr/std__media-types': 1.1.0

  '@jsr/std__media-types@1.1.0': {}

  '@remix-run/node-fetch-server@0.13.3': {}

  '@tsconfig/node24@24.0.4': {}

  '@types/node@24.13.1':
    dependencies:
      undici-types: 7.18.2

  typescript@6.0.3: {}

  undici-types@7.18.2: {}
